
Microsoft Visual Studio Solution File, Format Version 12.00
# Visual Studio Version 17
VisualStudioVersion = 17.0.32014.148
MinimumVisualStudioVersion = 10.0.40219.1
Project("{9A19103F-16F7-4668-BE54-9A1E7A4F7556}") = "RandomUtilities", "RandomUtilities\RandomUtilities.csproj", "{8CF086E1-E3FD-4F49-B694-B5DA31BCDE5E}"
EndProject
Project("{2150E333-8FDC-42A3-9474-1A3956D46DE8}") = "Solution Items", "Solution Items", "{2E281AC5-03F2-46E1-817A-9514F73006CE}"
	ProjectSection(SolutionItems) = preProject
		.editorconfig = .editorconfig
	EndProjectSection
EndProject
Global
	GlobalSection(SolutionConfigurationPlatforms) = preSolution
		Debug|Any CPU = Debug|Any CPU
		Release|Any CPU = Release|Any CPU
	EndGlobalSection
	GlobalSection(ProjectConfigurationPlatforms) = postSolution
		{8CF086E1-E3FD-4F49-B694-B5DA31BCDE5E}.Debug|Any CPU.ActiveCfg = Debug|Any CPU
		{8CF086E1-E3FD-4F49-B694-B5DA31BCDE5E}.Debug|Any CPU.Build.0 = Debug|Any CPU
		{8CF086E1-E3FD-4F49-B694-B5DA31BCDE5E}.Release|Any CPU.ActiveCfg = Release|Any CPU
		{8CF086E1-E3FD-4F49-B694-B5DA31BCDE5E}.Release|Any CPU.Build.0 = Release|Any CPU
	EndGlobalSection
	GlobalSection(SolutionProperties) = preSolution
		HideSolutionNode = FALSE
	EndGlobalSection
	GlobalSection(ExtensibilityGlobals) = postSolution
		SolutionGuid = {3D822171-796B-4B50-BE89-0650BA7E3EC4}
	EndGlobalSection
EndGlobal
